
Microsoft Visual Studio Solution File, Format Version 12.00
# Visual Studio 15
VisualStudioVersion = 15.0.27130.2026
MinimumVisualStudioVersion = 10.0.40219.1
Project("{FAE04EC0-301F-11D3-BF4B-00C04F79EFBC}") = "Christmas_Preparation", "Christmas_Preparation\Christmas_Preparation.csproj", "{1F11041D-95DA-4569-A318-33654BEAEAD5}"
EndProject
Project("{FAE04EC0-301F-11D3-BF4B-00C04F79EFBC}") = "Deer_of_Santa", "Deer_of_Santa\Deer_of_Santa.csproj", "{C6F504D8-B5A0-400E-BBBB-618C7A2527A1}"
EndProject
Project("{FAE04EC0-301F-11D3-BF4B-00C04F79EFBC}") = "Santa`s_Holiday", "Santa`s_Holiday\Santa`s_Holiday.csproj", "{1AF2011F-8BF3-48F3-AC89-4F86D3F4F9C1}"
EndProject
Project("{FAE04EC0-301F-11D3-BF4B-00C04F79EFBC}") = "Dwarf_Presents", "Dwarf_Presents\Dwarf_Presents.csproj", "{9D82F208-2C80-4561-8CC9-992965DD5E19}"
EndProject
Project("{FAE04EC0-301F-11D3-BF4B-00C04F79EFBC}") = "Christmas_toy", "Christmas_toy\Christmas_toy.csproj", "{13FCE077-29D6-4E0F-B8D5-6D182F6502F2}"
EndProject
Project("{FAE04EC0-301F-11D3-BF4B-00C04F79EFBC}") = "Barcode_Generator", "Barcode_Generator\Barcode_Generator.csproj", "{2BDE787B-BA8A-4A2D-9225-EBB11E982D5B}"
EndProject
Global
	GlobalSection(SolutionConfigurationPlatforms) = preSolution
		Debug|Any CPU = Debug|Any CPU
		Release|Any CPU = Release|Any CPU
	EndGlobalSection
	GlobalSection(ProjectConfigurationPlatforms) = postSolution
		{1F11041D-95DA-4569-A318-33654BEAEAD5}.Debug|Any CPU.ActiveCfg = Debug|Any CPU
		{1F11041D-95DA-4569-A318-33654BEAEAD5}.Debug|Any CPU.Build.0 = Debug|Any CPU
		{1F11041D-95DA-4569-A318-33654BEAEAD5}.Release|Any CPU.ActiveCfg = Release|Any CPU
		{1F11041D-95DA-4569-A318-33654BEAEAD5}.Release|Any CPU.Build.0 = Release|Any CPU
		{C6F504D8-B5A0-400E-BBBB-618C7A2527A1}.Debug|Any CPU.ActiveCfg = Debug|Any CPU
		{C6F504D8-B5A0-400E-BBBB-618C7A2527A1}.Debug|Any CPU.Build.0 = Debug|Any CPU
		{C6F504D8-B5A0-400E-BBBB-618C7A2527A1}.Release|Any CPU.ActiveCfg = Release|Any CPU
		{C6F504D8-B5A0-400E-BBBB-618C7A2527A1}.Release|Any CPU.Build.0 = Release|Any CPU
		{1AF2011F-8BF3-48F3-AC89-4F86D3F4F9C1}.Debug|Any CPU.ActiveCfg = Debug|Any CPU
		{1AF2011F-8BF3-48F3-AC89-4F86D3F4F9C1}.Debug|Any CPU.Build.0 = Debug|Any CPU
		{1AF2011F-8BF3-48F3-AC89-4F86D3F4F9C1}.Release|Any CPU.ActiveCfg = Release|Any CPU
		{1AF2011F-8BF3-48F3-AC89-4F86D3F4F9C1}.Release|Any CPU.Build.0 = Release|Any CPU
		{9D82F208-2C80-4561-8CC9-992965DD5E19}.Debug|Any CPU.ActiveCfg = Debug|Any CPU
		{9D82F208-2C80-4561-8CC9-992965DD5E19}.Debug|Any CPU.Build.0 = Debug|Any CPU
		{9D82F208-2C80-4561-8CC9-992965DD5E19}.Release|Any CPU.ActiveCfg = Release|Any CPU
		{9D82F208-2C80-4561-8CC9-992965DD5E19}.Release|Any CPU.Build.0 = Release|Any CPU
		{13FCE077-29D6-4E0F-B8D5-6D182F6502F2}.Debug|Any CPU.ActiveCfg = Debug|Any CPU
		{13FCE077-29D6-4E0F-B8D5-6D182F6502F2}.Debug|Any CPU.Build.0 = Debug|Any CPU
		{13FCE077-29D6-4E0F-B8D5-6D182F6502F2}.Release|Any CPU.ActiveCfg = Release|Any CPU
		{13FCE077-29D6-4E0F-B8D5-6D182F6502F2}.Release|Any CPU.Build.0 = Release|Any CPU
		{2BDE787B-BA8A-4A2D-9225-EBB11E982D5B}.Debug|Any CPU.ActiveCfg = Debug|Any CPU
		{2BDE787B-BA8A-4A2D-9225-EBB11E982D5B}.Debug|Any CPU.Build.0 = Debug|Any CPU
		{2BDE787B-BA8A-4A2D-9225-EBB11E982D5B}.Release|Any CPU.ActiveCfg = Release|Any CPU
		{2BDE787B-BA8A-4A2D-9225-EBB11E982D5B}.Release|Any CPU.Build.0 = Release|Any CPU
	EndGlobalSection
	GlobalSection(SolutionProperties) = preSolution
		HideSolutionNode = FALSE
	EndGlobalSection
	GlobalSection(ExtensibilityGlobals) = postSolution
		SolutionGuid = {CB3FD478-235D-48AF-AFF9-6C5C6A0265A6}
	EndGlobalSection
EndGlobal
