
Microsoft Visual Studio Solution File, Format Version 12.00
# Visual Studio 15
VisualStudioVersion = 15.0.27130.2026
MinimumVisualStudioVersion = 10.0.40219.1
Project("{FAE04EC0-301F-11D3-BF4B-00C04F79EFBC}") = "Numbers_0-100_to_Text2", "Numbers_0-100_to_Text2\Numbers_0-100_to_Text2.csproj", "{EE0DF583-A5CD-4EC4-9E8F-1151EC8A11D2}"
EndProject
Global
	GlobalSection(SolutionConfigurationPlatforms) = preSolution
		Debug|Any CPU = Debug|Any CPU
		Release|Any CPU = Release|Any CPU
	EndGlobalSection
	GlobalSection(ProjectConfigurationPlatforms) = postSolution
		{EE0DF583-A5CD-4EC4-9E8F-1151EC8A11D2}.Debug|Any CPU.ActiveCfg = Debug|Any CPU
		{EE0DF583-A5CD-4EC4-9E8F-1151EC8A11D2}.Debug|Any CPU.Build.0 = Debug|Any CPU
		{EE0DF583-A5CD-4EC4-9E8F-1151EC8A11D2}.Release|Any CPU.ActiveCfg = Release|Any CPU
		{EE0DF583-A5CD-4EC4-9E8F-1151EC8A11D2}.Release|Any CPU.Build.0 = Release|Any CPU
	EndGlobalSection
	GlobalSection(SolutionProperties) = preSolution
		HideSolutionNode = FALSE
	EndGlobalSection
	GlobalSection(ExtensibilityGlobals) = postSolution
		SolutionGuid = {89D7BA13-B706-4516-AAC5-D769943DE761}
	EndGlobalSection
EndGlobal
