
Microsoft Visual Studio Solution File, Format Version 12.00
# Visual Studio 15
VisualStudioVersion = 15.0.27130.2026
MinimumVisualStudioVersion = 10.0.40219.1
Project("{FAE04EC0-301F-11D3-BF4B-00C04F79EFBC}") = "Test", "Test\Test.csproj", "{6D794FBC-348D-4DD2-ABA7-387583995FB3}"
EndProject
Project("{FAE04EC0-301F-11D3-BF4B-00C04F79EFBC}") = "Vyzrast_i_pol", "Vyzrast_i_pol\Vyzrast_i_pol.csproj", "{D04DFAD9-817C-43FF-8BC6-F6BA8D80B5FC}"
EndProject
Project("{FAE04EC0-301F-11D3-BF4B-00C04F79EFBC}") = "Small_Shop", "Small_Shop\Small_Shop.csproj", "{1357C46E-0C50-43D0-A4D3-AF9E1E7AFC8B}"
EndProject
Project("{FAE04EC0-301F-11D3-BF4B-00C04F79EFBC}") = "Point_In_Rectangle", "Point_In_Rectangle\Point_In_Rectangle.csproj", "{844D9A81-B42D-4256-A2E5-B6AD3703A4F9}"
EndProject
Project("{FAE04EC0-301F-11D3-BF4B-00C04F79EFBC}") = "Fruit_or_Vegetable", "Fruit_or_Vegetable\Fruit_or_Vegetable.csproj", "{E9B88B5C-B0EE-4D52-AB4F-0ADCEE567544}"
EndProject
Project("{FAE04EC0-301F-11D3-BF4B-00C04F79EFBC}") = "Unvalid_number", "Unvalid_number\Unvalid_number.csproj", "{25C0F3CA-71F8-4EC6-993A-03262B7619C7}"
EndProject
Project("{FAE04EC0-301F-11D3-BF4B-00C04F79EFBC}") = "Point_on_Rectangle_Border", "Point_on_Rectangle_Border\Point_on_Rectangle_Border.csproj", "{75F74082-63C1-43C3-BC42-821908DC27D2}"
EndProject
Project("{FAE04EC0-301F-11D3-BF4B-00C04F79EFBC}") = "Fruit_shop", "Fruit_shop\Fruit_shop.csproj", "{AD6CAF0C-0F9E-47D2-9E30-9C45698E68EA}"
EndProject
Project("{FAE04EC0-301F-11D3-BF4B-00C04F79EFBC}") = "Trade_Comissions", "Trade_Comissions\Trade_Comissions.csproj", "{7F5C2F1D-1D68-4533-B54D-1570F55CAFC1}"
EndProject
Project("{FAE04EC0-301F-11D3-BF4B-00C04F79EFBC}") = "Day_of_Week", "Day_of_Week\Day_of_Week.csproj", "{FEA1DAC7-270B-4CFE-9BD2-CF4C3BED4386}"
EndProject
Project("{FAE04EC0-301F-11D3-BF4B-00C04F79EFBC}") = "Animal_type", "Animal_type\Animal_type.csproj", "{E43181C7-3E33-4B2A-8D40-FC5E08512207}"
EndProject
Project("{FAE04EC0-301F-11D3-BF4B-00C04F79EFBC}") = "Cinema", "Cinema\Cinema.csproj", "{720C19F8-BCF5-44F8-8172-B79CC3D7449C}"
EndProject
Project("{FAE04EC0-301F-11D3-BF4B-00C04F79EFBC}") = "voleyball", "voleyball\voleyball.csproj", "{CAB7B2EF-77C9-4609-AD19-947FB77D47EF}"
EndProject
Project("{FAE04EC0-301F-11D3-BF4B-00C04F79EFBC}") = "Fruit_Shop_2", "Fruit_Shop_2\Fruit_Shop_2.csproj", "{61D41B36-7376-4ED6-8647-CB92C7BE0DE4}"
EndProject
Project("{FAE04EC0-301F-11D3-BF4B-00C04F79EFBC}") = "Hotel_Room", "Hotel_Room\Hotel_Room.csproj", "{CF7124F5-71F9-486C-9FD9-3EDD6003787D}"
EndProject
Global
	GlobalSection(SolutionConfigurationPlatforms) = preSolution
		Debug|Any CPU = Debug|Any CPU
		Release|Any CPU = Release|Any CPU
	EndGlobalSection
	GlobalSection(ProjectConfigurationPlatforms) = postSolution
		{6D794FBC-348D-4DD2-ABA7-387583995FB3}.Debug|Any CPU.ActiveCfg = Debug|Any CPU
		{6D794FBC-348D-4DD2-ABA7-387583995FB3}.Debug|Any CPU.Build.0 = Debug|Any CPU
		{6D794FBC-348D-4DD2-ABA7-387583995FB3}.Release|Any CPU.ActiveCfg = Release|Any CPU
		{6D794FBC-348D-4DD2-ABA7-387583995FB3}.Release|Any CPU.Build.0 = Release|Any CPU
		{D04DFAD9-817C-43FF-8BC6-F6BA8D80B5FC}.Debug|Any CPU.ActiveCfg = Debug|Any CPU
		{D04DFAD9-817C-43FF-8BC6-F6BA8D80B5FC}.Debug|Any CPU.Build.0 = Debug|Any CPU
		{D04DFAD9-817C-43FF-8BC6-F6BA8D80B5FC}.Release|Any CPU.ActiveCfg = Release|Any CPU
		{D04DFAD9-817C-43FF-8BC6-F6BA8D80B5FC}.Release|Any CPU.Build.0 = Release|Any CPU
		{1357C46E-0C50-43D0-A4D3-AF9E1E7AFC8B}.Debug|Any CPU.ActiveCfg = Debug|Any CPU
		{1357C46E-0C50-43D0-A4D3-AF9E1E7AFC8B}.Debug|Any CPU.Build.0 = Debug|Any CPU
		{1357C46E-0C50-43D0-A4D3-AF9E1E7AFC8B}.Release|Any CPU.ActiveCfg = Release|Any CPU
		{1357C46E-0C50-43D0-A4D3-AF9E1E7AFC8B}.Release|Any CPU.Build.0 = Release|Any CPU
		{844D9A81-B42D-4256-A2E5-B6AD3703A4F9}.Debug|Any CPU.ActiveCfg = Debug|Any CPU
		{844D9A81-B42D-4256-A2E5-B6AD3703A4F9}.Debug|Any CPU.Build.0 = Debug|Any CPU
		{844D9A81-B42D-4256-A2E5-B6AD3703A4F9}.Release|Any CPU.ActiveCfg = Release|Any CPU
		{844D9A81-B42D-4256-A2E5-B6AD3703A4F9}.Release|Any CPU.Build.0 = Release|Any CPU
		{E9B88B5C-B0EE-4D52-AB4F-0ADCEE567544}.Debug|Any CPU.ActiveCfg = Debug|Any CPU
		{E9B88B5C-B0EE-4D52-AB4F-0ADCEE567544}.Debug|Any CPU.Build.0 = Debug|Any CPU
		{E9B88B5C-B0EE-4D52-AB4F-0ADCEE567544}.Release|Any CPU.ActiveCfg = Release|Any CPU
		{E9B88B5C-B0EE-4D52-AB4F-0ADCEE567544}.Release|Any CPU.Build.0 = Release|Any CPU
		{25C0F3CA-71F8-4EC6-993A-03262B7619C7}.Debug|Any CPU.ActiveCfg = Debug|Any CPU
		{25C0F3CA-71F8-4EC6-993A-03262B7619C7}.Debug|Any CPU.Build.0 = Debug|Any CPU
		{25C0F3CA-71F8-4EC6-993A-03262B7619C7}.Release|Any CPU.ActiveCfg = Release|Any CPU
		{25C0F3CA-71F8-4EC6-993A-03262B7619C7}.Release|Any CPU.Build.0 = Release|Any CPU
		{75F74082-63C1-43C3-BC42-821908DC27D2}.Debug|Any CPU.ActiveCfg = Debug|Any CPU
		{75F74082-63C1-43C3-BC42-821908DC27D2}.Debug|Any CPU.Build.0 = Debug|Any CPU
		{75F74082-63C1-43C3-BC42-821908DC27D2}.Release|Any CPU.ActiveCfg = Release|Any CPU
		{75F74082-63C1-43C3-BC42-821908DC27D2}.Release|Any CPU.Build.0 = Release|Any CPU
		{AD6CAF0C-0F9E-47D2-9E30-9C45698E68EA}.Debug|Any CPU.ActiveCfg = Debug|Any CPU
		{AD6CAF0C-0F9E-47D2-9E30-9C45698E68EA}.Debug|Any CPU.Build.0 = Debug|Any CPU
		{AD6CAF0C-0F9E-47D2-9E30-9C45698E68EA}.Release|Any CPU.ActiveCfg = Release|Any CPU
		{AD6CAF0C-0F9E-47D2-9E30-9C45698E68EA}.Release|Any CPU.Build.0 = Release|Any CPU
		{7F5C2F1D-1D68-4533-B54D-1570F55CAFC1}.Debug|Any CPU.ActiveCfg = Debug|Any CPU
		{7F5C2F1D-1D68-4533-B54D-1570F55CAFC1}.Debug|Any CPU.Build.0 = Debug|Any CPU
		{7F5C2F1D-1D68-4533-B54D-1570F55CAFC1}.Release|Any CPU.ActiveCfg = Release|Any CPU
		{7F5C2F1D-1D68-4533-B54D-1570F55CAFC1}.Release|Any CPU.Build.0 = Release|Any CPU
		{FEA1DAC7-270B-4CFE-9BD2-CF4C3BED4386}.Debug|Any CPU.ActiveCfg = Debug|Any CPU
		{FEA1DAC7-270B-4CFE-9BD2-CF4C3BED4386}.Debug|Any CPU.Build.0 = Debug|Any CPU
		{FEA1DAC7-270B-4CFE-9BD2-CF4C3BED4386}.Release|Any CPU.ActiveCfg = Release|Any CPU
		{FEA1DAC7-270B-4CFE-9BD2-CF4C3BED4386}.Release|Any CPU.Build.0 = Release|Any CPU
		{E43181C7-3E33-4B2A-8D40-FC5E08512207}.Debug|Any CPU.ActiveCfg = Debug|Any CPU
		{E43181C7-3E33-4B2A-8D40-FC5E08512207}.Debug|Any CPU.Build.0 = Debug|Any CPU
		{E43181C7-3E33-4B2A-8D40-FC5E08512207}.Release|Any CPU.ActiveCfg = Release|Any CPU
		{E43181C7-3E33-4B2A-8D40-FC5E08512207}.Release|Any CPU.Build.0 = Release|Any CPU
		{720C19F8-BCF5-44F8-8172-B79CC3D7449C}.Debug|Any CPU.ActiveCfg = Debug|Any CPU
		{720C19F8-BCF5-44F8-8172-B79CC3D7449C}.Debug|Any CPU.Build.0 = Debug|Any CPU
		{720C19F8-BCF5-44F8-8172-B79CC3D7449C}.Release|Any CPU.ActiveCfg = Release|Any CPU
		{720C19F8-BCF5-44F8-8172-B79CC3D7449C}.Release|Any CPU.Build.0 = Release|Any CPU
		{CAB7B2EF-77C9-4609-AD19-947FB77D47EF}.Debug|Any CPU.ActiveCfg = Debug|Any CPU
		{CAB7B2EF-77C9-4609-AD19-947FB77D47EF}.Debug|Any CPU.Build.0 = Debug|Any CPU
		{CAB7B2EF-77C9-4609-AD19-947FB77D47EF}.Release|Any CPU.ActiveCfg = Release|Any CPU
		{CAB7B2EF-77C9-4609-AD19-947FB77D47EF}.Release|Any CPU.Build.0 = Release|Any CPU
		{61D41B36-7376-4ED6-8647-CB92C7BE0DE4}.Debug|Any CPU.ActiveCfg = Debug|Any CPU
		{61D41B36-7376-4ED6-8647-CB92C7BE0DE4}.Debug|Any CPU.Build.0 = Debug|Any CPU
		{61D41B36-7376-4ED6-8647-CB92C7BE0DE4}.Release|Any CPU.ActiveCfg = Release|Any CPU
		{61D41B36-7376-4ED6-8647-CB92C7BE0DE4}.Release|Any CPU.Build.0 = Release|Any CPU
		{CF7124F5-71F9-486C-9FD9-3EDD6003787D}.Debug|Any CPU.ActiveCfg = Debug|Any CPU
		{CF7124F5-71F9-486C-9FD9-3EDD6003787D}.Debug|Any CPU.Build.0 = Debug|Any CPU
		{CF7124F5-71F9-486C-9FD9-3EDD6003787D}.Release|Any CPU.ActiveCfg = Release|Any CPU
		{CF7124F5-71F9-486C-9FD9-3EDD6003787D}.Release|Any CPU.Build.0 = Release|Any CPU
	EndGlobalSection
	GlobalSection(SolutionProperties) = preSolution
		HideSolutionNode = FALSE
	EndGlobalSection
	GlobalSection(ExtensibilityGlobals) = postSolution
		SolutionGuid = {41515AED-24CD-4C97-BC62-4C42E1C5A150}
	EndGlobalSection
EndGlobal
